{
  "name": "dnd-att-gen",
  "version": "1.0.0",
  "lockfileVersion": 1,
  "requires": true,
  "dependencies": {
    "@types/jquery": {
      "version": "3.2.13",
      "resolved": "https://registry.npmjs.org/@types/jquery/-/jquery-3.2.13.tgz",
      "integrity": "sha512-T1rbXqLSQb4wDJClzfEgJ2kcjHrZXw+TcVzxhZCpnkv80FPj9bxGBatkUpd5flReysCBF9f+GR6bnzanoO5Cvw=="
    },
    "@types/lodash": {
      "version": "4.14.77",
      "resolved": "https://registry.npmjs.org/@types/lodash/-/lodash-4.14.77.tgz",
      "integrity": "sha512-sRCTcVQkIiQqRoQcazgN2PvRLS7d9BnSl8elRZR5UYlpm6XgU8F4j/0csz8WoaKKTUqa6rSuOy3Vph7AHfX7KQ=="
    },
    "jquery": {
      "version": "3.2.1",
      "resolved": "https://registry.npmjs.org/jquery/-/jquery-3.2.1.tgz",
      "integrity": "sha1-XE2d5lKvbNCncBVKYxu6ErAVx4c="
    },
    "lodash": {
      "version": "4.17.4",
      "resolved": "https://registry.npmjs.org/lodash/-/lodash-4.17.4.tgz",
      "integrity": "sha1-eCA6TRwyiuHYbcpkYONptX9AVa4="
    },
    "typescript": {
      "version": "2.5.3",
      "resolved": "https://registry.npmjs.org/typescript/-/typescript-2.5.3.tgz",
      "integrity": "sha512-ptLSQs2S4QuS6/OD1eAKG+S5G8QQtrU5RT32JULdZQtM1L3WTi34Wsu48Yndzi8xsObRAB9RPt/KhA9wlpEF6w=="
    }
  }
}
